{
    "name": "sc2-gulp-static",
    "version": "1.0.0",
    "lockfileVersion": 1,
    "requires": true,
    "dependencies": {
        "framework7": {
            "version": "1.6.5",
            "resolved": "https://registry.npmjs.org/framework7/-/framework7-1.6.5.tgz",
            "integrity": "sha1-o16s2z940wE8ly5ejMSC+VjKWS0="
          }
    }
}